
Microsoft Visual Studio Solution File, Format Version 12.00
# Visual Studio Version 17
VisualStudioVersion = 17.5.33530.505
MinimumVisualStudioVersion = 10.0.40219.1
Project("{8BC9CEB8-8B4A-11D0-8D11-00A0C91BC942}") = "KD", "KD\KD.vcxproj", "{C289E259-AC16-415E-9BEF-67CB4D85E660}"
EndProject
Global
	GlobalSection(SolutionConfigurationPlatforms) = preSolution
		Debug|ARM64 = Debug|ARM64
		Debug|x64 = Debug|x64
		Release|ARM64 = Release|ARM64
		Release|x64 = Release|x64
	EndGlobalSection
	GlobalSection(ProjectConfigurationPlatforms) = postSolution
		{C289E259-AC16-415E-9BEF-67CB4D85E660}.Debug|ARM64.ActiveCfg = Debug|ARM64
		{C289E259-AC16-415E-9BEF-67CB4D85E660}.Debug|ARM64.Build.0 = Debug|ARM64
		{C289E259-AC16-415E-9BEF-67CB4D85E660}.Debug|ARM64.Deploy.0 = Debug|ARM64
		{C289E259-AC16-415E-9BEF-67CB4D85E660}.Debug|x64.ActiveCfg = Debug|x64
		{C289E259-AC16-415E-9BEF-67CB4D85E660}.Debug|x64.Build.0 = Debug|x64
		{C289E259-AC16-415E-9BEF-67CB4D85E660}.Debug|x64.Deploy.0 = Debug|x64
		{C289E259-AC16-415E-9BEF-67CB4D85E660}.Release|ARM64.ActiveCfg = Release|ARM64
		{C289E259-AC16-415E-9BEF-67CB4D85E660}.Release|ARM64.Build.0 = Release|ARM64
		{C289E259-AC16-415E-9BEF-67CB4D85E660}.Release|ARM64.Deploy.0 = Release|ARM64
		{C289E259-AC16-415E-9BEF-67CB4D85E660}.Release|x64.ActiveCfg = Release|x64
		{C289E259-AC16-415E-9BEF-67CB4D85E660}.Release|x64.Build.0 = Release|x64
		{C289E259-AC16-415E-9BEF-67CB4D85E660}.Release|x64.Deploy.0 = Release|x64
	EndGlobalSection
	GlobalSection(SolutionProperties) = preSolution
		HideSolutionNode = FALSE
	EndGlobalSection
	GlobalSection(ExtensibilityGlobals) = postSolution
		SolutionGuid = {9FF8A1E1-7695-4B56-8BAD-9CAE10E4563A}
	EndGlobalSection
EndGlobal
